// !$*UTF8*$!
{
	archiveVersion = 1;
	classes = {
	};
	objectVersion = 77;
	objects = {

/* Begin PBXBuildFile section */
		0A508FB42E5A22D70065E73D /* Auth in Frameworks */ = {isa = PBXBuildFile; productRef = 0A508FB32E5A22D70065E73D /* Auth */; };
		0A508FB62E5A22D70065E73D /* Functions in Frameworks */ = {isa = PBXBuildFile; productRef = 0A508FB52E5A22D70065E73D /* Functions */; };
		0A508FB82E5A22D70065E73D /* PostgREST in Frameworks */ = {isa = PBXBuildFile; productRef = 0A508FB72E5A22D70065E73D /* PostgREST */; };
		0A508FBA2E5A22D70065E73D /* Realtime in Frameworks */ = {isa = PBXBuildFile; productRef = 0A508FB92E5A22D70065E73D /* Realtime */; };
		0A508FBC2E5A22D70065E73D /* Storage in Frameworks */ = {isa = PBXBuildFile; productRef = 0A508FBB2E5A22D70065E73D /* Storage */; };
		0A508FD22E5A3CA00065E73D /* Supabase in Frameworks */ = {isa = PBXBuildFile; productRef = 0A508FD12E5A3CA00065E73D /* Supabase */; };
/* End PBXBuildFile section */

/* Begin PBXContainerItemProxy section */
		0A508F7A2E5439DE0065E73D /* PBXContainerItemProxy */ = {
			isa = PBXContainerItemProxy;
			containerPortal = 0A508F642E5439DC0065E73D /* Project object */;
			proxyType = 1;
			remoteGlobalIDString = 0A508F6B2E5439DC0065E73D;
			remoteInfo = Swivo;
		};
		0A508F842E5439DE0065E73D /* PBXContainerItemProxy */ = {
			isa = PBXContainerItemProxy;
			containerPortal = 0A508F642E5439DC0065E73D /* Project object */;
			proxyType = 1;
			remoteGlobalIDString = 0A508F6B2E5439DC0065E73D;
			remoteInfo = Swivo;
		};
/* End PBXContainerItemProxy section */

/* Begin PBXFileReference section */
		0A508F6C2E5439DC0065E73D /* Swivo.app */ = {isa = PBXFileReference; explicitFileType = wrapper.application; includeInIndex = 0; path = Swivo.app; sourceTree = BUILT_PRODUCTS_DIR; };
		0A508F792E5439DE0065E73D /* SwivoTests.xctest */ = {isa = PBXFileReference; explicitFileType = wrapper.cfbundle; includeInIndex = 0; path = SwivoTests.xctest; sourceTree = BUILT_PRODUCTS_DIR; };
		0A508F832E5439DE0065E73D /* SwivoUITests.xctest */ = {isa = PBXFileReference; explicitFileType = wrapper.cfbundle; includeInIndex = 0; path = SwivoUITests.xctest; sourceTree = BUILT_PRODUCTS_DIR; };
/* End PBXFileReference section */

/* Begin PBXFileSystemSynchronizedRootGroup section */
		0A508F6E2E5439DC0065E73D /* Swivo */ = {
			isa = PBXFileSystemSynchronizedRootGroup;
			path = Swivo;
			sourceTree = "<group>";
		};
		0A508F7C2E5439DE0065E73D /* SwivoTests */ = {
			isa = PBXFileSystemSynchronizedRootGroup;
			path = SwivoTests;
			sourceTree = "<group>";
		};
		0A508F862E5439DE0065E73D /* SwivoUITests */ = {
			isa = PBXFileSystemSynchronizedRootGroup;
			path = SwivoUITests;
			sourceTree = "<group>";
		};
/* End PBXFileSystemSynchronizedRootGroup section */

/* Begin PBXFrameworksBuildPhase section */
		0A508F692E5439DC0065E73D /* Frameworks */ = {
			isa = PBXFrameworksBuildPhase;
			buildActionMask = 2147483647;
			files = (
				0A508FB82E5A22D70065E73D /* PostgREST in Frameworks */,
				0A508FB62E5A22D70065E73D /* Functions in Frameworks */,
				0A508FD22E5A3CA00065E73D /* Supabase in Frameworks */,
				0A508FB42E5A22D70065E73D /* Auth in Frameworks */,
				0A508FBC2E5A22D70065E73D /* Storage in Frameworks */,
				0A508FBA2E5A22D70065E73D /* Realtime in Frameworks */,
			);
			runOnlyForDeploymentPostprocessing = 0;
		};
		0A508F762E5439DE0065E73D /* Frameworks */ = {
			isa = PBXFrameworksBuildPhase;
			buildActionMask = 2147483647;
			files = (
			);
			runOnlyForDeploymentPostprocessing = 0;
		};
		0A508F802E5439DE0065E73D /* Frameworks */ = {
			isa = PBXFrameworksBuildPhase;
			buildActionMask = 2147483647;
			files = (
			);
			runOnlyForDeploymentPostprocessing = 0;
		};
/* End PBXFrameworksBuildPhase section */

/* Begin PBXGroup section */
		0A508F632E5439DC0065E73D = {
			isa = PBXGroup;
			children = (
				0A508F6E2E5439DC0065E73D /* Swivo */,
				0A508F7C2E5439DE0065E73D /* SwivoTests */,
				0A508F862E5439DE0065E73D /* SwivoUITests */,
				0A508FD02E5A3CA00065E73D /* Frameworks */,
				0A508F6D2E5439DC0065E73D /* Products */,
			);
			sourceTree = "<group>";
		};
		0A508F6D2E5439DC0065E73D /* Products */ = {
			isa = PBXGroup;
			children = (
				0A508F6C2E5439DC0065E73D /* Swivo.app */,
				0A508F792E5439DE0065E73D /* SwivoTests.xctest */,
				0A508F832E5439DE0065E73D /* SwivoUITests.xctest */,
			);
			name = Products;
			sourceTree = "<group>";
		};
		0A508FD02E5A3CA00065E73D /* Frameworks */ = {
			isa = PBXGroup;
			children = (
			);
			name = Frameworks;
			sourceTree = "<group>";
		};
/* End PBXGroup section */

/* Begin PBXNativeTarget section */
		0A508F6B2E5439DC0065E73D /* Swivo */ = {
			isa = PBXNativeTarget;
			buildConfigurationList = 0A508F8D2E5439DE0065E73D /* Build configuration list for PBXNativeTarget "Swivo" */;
			buildPhases = (
				0A508F682E5439DC0065E73D /* Sources */,
				0A508F692E5439DC0065E73D /* Frameworks */,
				0A508F6A2E5439DC0065E73D /* Resources */,
			);
			buildRules = (
			);
			dependencies = (
			);
			fileSystemSynchronizedGroups = (
				0A508F6E2E5439DC0065E73D /* Swivo */,
			);
			name = Swivo;
			packageProductDependencies = (
				0A508FB32E5A22D70065E73D /* Auth */,
				0A508FB52E5A22D70065E73D /* Functions */,
				0A508FB72E5A22D70065E73D /* PostgREST */,
				0A508FB92E5A22D70065E73D /* Realtime */,
				0A508FBB2E5A22D70065E73D /* Storage */,
				0A508FD12E5A3CA00065E73D /* Supabase */,
			);
			productName = Swivo;
			productReference = 0A508F6C2E5439DC0065E73D /* Swivo.app */;
			productType = "com.apple.product-type.application";
		};
		0A508F782E5439DE0065E73D /* SwivoTests */ = {
			isa = PBXNativeTarget;
			buildConfigurationList = 0A508F902E5439DE0065E73D /* Build configuration list for PBXNativeTarget "SwivoTests" */;
			buildPhases = (
				0A508F752E5439DE0065E73D /* Sources */,
				0A508F762E5439DE0065E73D /* Frameworks */,
				0A508F772E5439DE0065E73D /* Resources */,
			);
			buildRules = (
			);
			dependencies = (
				0A508F7B2E5439DE0065E73D /* PBXTargetDependency */,
			);
			fileSystemSynchronizedGroups = (
				0A508F7C2E5439DE0065E73D /* SwivoTests */,
			);
			name = SwivoTests;
			packageProductDependencies = (
			);
			productName = SwivoTests;
			productReference = 0A508F792E5439DE0065E73D /* SwivoTests.xctest */;
			productType = "com.apple.product-type.bundle.unit-test";
		};
		0A508F822E5439DE0065E73D /* SwivoUITests */ = {
			isa = PBXNativeTarget;
			buildConfigurationList = 0A508F932E5439DE0065E73D /* Build configuration list for PBXNativeTarget "SwivoUITests" */;
			buildPhases = (
				0A508F7F2E5439DE0065E73D /* Sources */,
				0A508F802E5439DE0065E73D /* Frameworks */,
				0A508F812E5439DE0065E73D /* Resources */,
			);
			buildRules = (
			);
			dependencies = (
				0A508F852E5439DE0065E73D /* PBXTargetDependency */,
			);
			fileSystemSynchronizedGroups = (
				0A508F862E5439DE0065E73D /* SwivoUITests */,
			);
			name = SwivoUITests;
			packageProductDependencies = (
			);
			productName = SwivoUITests;
			productReference = 0A508F832E5439DE0065E73D /* SwivoUITests.xctest */;
			productType = "com.apple.product-type.bundle.ui-testing";
		};
/* End PBXNativeTarget section */

/* Begin PBXProject section */
		0A508F642E5439DC0065E73D /* Project object */ = {
			isa = PBXProject;
			attributes = {
				BuildIndependentTargetsInParallel = 1;
				LastSwiftUpdateCheck = 1630;
				LastUpgradeCheck = 1630;
				TargetAttributes = {
					0A508F6B2E5439DC0065E73D = {
						CreatedOnToolsVersion = 16.3;
					};
					0A508F782E5439DE0065E73D = {
						CreatedOnToolsVersion = 16.3;
						TestTargetID = 0A508F6B2E5439DC0065E73D;
					};
					0A508F822E5439DE0065E73D = {
						CreatedOnToolsVersion = 16.3;
						TestTargetID = 0A508F6B2E5439DC0065E73D;
					};
				};
			};
			buildConfigurationList = 0A508F672E5439DC0065E73D /* Build configuration list for PBXProject "Swivo" */;
			developmentRegion = en;
			hasScannedForEncodings = 0;
			knownRegions = (
				en,
				Base,
			);
			mainGroup = 0A508F632E5439DC0065E73D;
			minimizedProjectReferenceProxies = 1;
			packageReferences = (
				0A508FB22E5A22D70065E73D /* XCRemoteSwiftPackageReference "supabase-swift" */,
			);
			preferredProjectObjectVersion = 77;
			productRefGroup = 0A508F6D2E5439DC0065E73D /* Products */;
			projectDirPath = "";
			projectRoot = "";
			targets = (
				0A508F6B2E5439DC0065E73D /* Swivo */,
				0A508F782E5439DE0065E73D /* SwivoTests */,
				0A508F822E5439DE0065E73D /* SwivoUITests */,
			);
		};
/* End PBXProject section */

/* Begin PBXResourcesBuildPhase section */
		0A508F6A2E5439DC0065E73D /* Resources */ = {
			isa = PBXResourcesBuildPhase;
			buildActionMask = 2147483647;
			files = (
			);
			runOnlyForDeploymentPostprocessing = 0;
		};
		0A508F772E5439DE0065E73D /* Resources */ = {
			isa = PBXResourcesBuildPhase;
			buildActionMask = 2147483647;
			files = (
			);
			runOnlyForDeploymentPostprocessing = 0;
		};
		0A508F812E5439DE0065E73D /* Resources */ = {
			isa = PBXResourcesBuildPhase;
			buildActionMask = 2147483647;
			files = (
			);
			runOnlyForDeploymentPostprocessing = 0;
		};
/* End PBXResourcesBuildPhase section */

/* Begin PBXSourcesBuildPhase section */
		0A508F682E5439DC0065E73D /* Sources */ = {
			isa = PBXSourcesBuildPhase;
			buildActionMask = 2147483647;
			files = (
			);
			runOnlyForDeploymentPostprocessing = 0;
		};
		0A508F752E5439DE0065E73D /* Sources */ = {
			isa = PBXSourcesBuildPhase;
			buildActionMask = 2147483647;
			files = (
			);
			runOnlyForDeploymentPostprocessing = 0;
		};
		0A508F7F2E5439DE0065E73D /* Sources */ = {
			isa = PBXSourcesBuildPhase;
			buildActionMask = 2147483647;
			files = (
			);
			runOnlyForDeploymentPostprocessing = 0;
		};
/* End PBXSourcesBuildPhase section */

/* Begin PBXTargetDependency section */
		0A508F7B2E5439DE0065E73D /* PBXTargetDependency */ = {
			isa = PBXTargetDependency;
			target = 0A508F6B2E5439DC0065E73D /* Swivo */;
			targetProxy = 0A508F7A2E5439DE0065E73D /* PBXContainerItemProxy */;
		};
		0A508F852E5439DE0065E73D /* PBXTargetDependency */ = {
			isa = PBXTargetDependency;
			target = 0A508F6B2E5439DC0065E73D /* Swivo */;
			targetProxy = 0A508F842E5439DE0065E73D /* PBXContainerItemProxy */;
		};
/* End PBXTargetDependency section */

/* Begin XCBuildConfiguration section */
		0A508F8B2E5439DE0065E73D /* Debug */ = {
			isa = XCBuildConfiguration;
			buildSettings = {
				ALWAYS_SEARCH_USER_PATHS = NO;
				ASSETCATALOG_COMPILER_GENERATE_SWIFT_ASSET_SYMBOL_EXTENSIONS = YES;
				CLANG_ANALYZER_NONNULL = YES;
				CLANG_ANALYZER_NUMBER_OBJECT_CONVERSION = YES_AGGRESSIVE;
				CLANG_CXX_LANGUAGE_STANDARD = "gnu++20";
				CLANG_ENABLE_MODULES = YES;
				CLANG_ENABLE_OBJC_ARC = YES;
				CLANG_ENABLE_OBJC_WEAK = YES;
				CLANG_WARN_BLOCK_CAPTURE_AUTORELEASING = YES;
				CLANG_WARN_BOOL_CONVERSION = YES;
				CLANG_WARN_COMMA = YES;
				CLANG_WARN_CONSTANT_CONVERSION = YES;
				CLANG_WARN_DEPRECATED_OBJC_IMPLEMENTATIONS = YES;
				CLANG_WARN_DIRECT_OBJC_ISA_USAGE = YES_ERROR;
				CLANG_WARN_DOCUMENTATION_COMMENTS = YES;
				CLANG_WARN_EMPTY_BODY = YES;
				CLANG_WARN_ENUM_CONVERSION = YES;
				CLANG_WARN_INFINITE_RECURSION = YES;
				CLANG_WARN_INT_CONVERSION = YES;
				CLANG_WARN_NON_LITERAL_NULL_CONVERSION = YES;
				CLANG_WARN_OBJC_IMPLICIT_RETAIN_SELF = YES;
				CLANG_WARN_OBJC_LITERAL_CONVERSION = YES;
				CLANG_WARN_OBJC_ROOT_CLASS = YES_ERROR;
				CLANG_WARN_QUOTED_INCLUDE_IN_FRAMEWORK_HEADER = YES;
				CLANG_WARN_RANGE_LOOP_ANALYSIS = YES;
				CLANG_WARN_STRICT_PROTOTYPES = YES;
				CLANG_WARN_SUSPICIOUS_MOVE = YES;
				CLANG_WARN_UNGUARDED_AVAILABILITY = YES_AGGRESSIVE;
				CLANG_WARN_UNREACHABLE_CODE = YES;
				CLANG_WARN__DUPLICATE_METHOD_MATCH = YES;
				COPY_PHASE_STRIP = NO;
				DEBUG_INFORMATION_FORMAT = dwarf;
				DEVELOPMENT_TEAM = 7QL37J3U34;
				ENABLE_STRICT_OBJC_MSGSEND = YES;
				ENABLE_TESTABILITY = YES;
				ENABLE_USER_SCRIPT_SANDBOXING = YES;
				GCC_C_LANGUAGE_STANDARD = gnu17;
				GCC_DYNAMIC_NO_PIC = NO;
				GCC_NO_COMMON_BLOCKS = YES;
				GCC_OPTIMIZATION_LEVEL = 0;
				GCC_PREPROCESSOR_DEFINITIONS = (
					"DEBUG=1",
					"$(inherited)",
				);
				GCC_WARN_64_TO_32_BIT_CONVERSION = YES;
				GCC_WARN_ABOUT_RETURN_TYPE = YES_ERROR;
				GCC_WARN_UNDECLARED_SELECTOR = YES;
				GCC_WARN_UNINITIALIZED_AUTOS = YES_AGGRESSIVE;
				GCC_WARN_UNUSED_FUNCTION = YES;
				GCC_WARN_UNUSED_VARIABLE = YES;
				IPHONEOS_DEPLOYMENT_TARGET = 18.4;
				LOCALIZATION_PREFERS_STRING_CATALOGS = YES;
				MTL_ENABLE_DEBUG_INFO = INCLUDE_SOURCE;
				MTL_FAST_MATH = YES;
				ONLY_ACTIVE_ARCH = YES;
				SDKROOT = iphoneos;
				SWIFT_ACTIVE_COMPILATION_CONDITIONS = "DEBUG $(inherited)";
				SWIFT_OPTIMIZATION_LEVEL = "-Onone";
			};
			name = Debug;
		};
		0A508F8C2E5439DE0065E73D /* Release */ = {
			isa = XCBuildConfiguration;
			buildSettings = {
				ALWAYS_SEARCH_USER_PATHS = NO;
				ASSETCATALOG_COMPILER_GENERATE_SWIFT_ASSET_SYMBOL_EXTENSIONS = YES;
				CLANG_ANALYZER_NONNULL = YES;
				CLANG_ANALYZER_NUMBER_OBJECT_CONVERSION = YES_AGGRESSIVE;
				CLANG_CXX_LANGUAGE_STANDARD = "gnu++20";
				CLANG_ENABLE_MODULES = YES;
				CLANG_ENABLE_OBJC_ARC = YES;
				CLANG_ENABLE_OBJC_WEAK = YES;
				CLANG_WARN_BLOCK_CAPTURE_AUTORELEASING = YES;
				CLANG_WARN_BOOL_CONVERSION = YES;
				CLANG_WARN_COMMA = YES;
				CLANG_WARN_CONSTANT_CONVERSION = YES;
				CLANG_WARN_DEPRECATED_OBJC_IMPLEMENTATIONS = YES;
				CLANG_WARN_DIRECT_OBJC_ISA_USAGE = YES_ERROR;
				CLANG_WARN_DOCUMENTATION_COMMENTS = YES;
				CLANG_WARN_EMPTY_BODY = YES;
				CLANG_WARN_ENUM_CONVERSION = YES;
				CLANG_WARN_INFINITE_RECURSION = YES;
				CLANG_WARN_INT_CONVERSION = YES;
				CLANG_WARN_NON_LITERAL_NULL_CONVERSION = YES;
				CLANG_WARN_OBJC_IMPLICIT_RETAIN_SELF = YES;
				CLANG_WARN_OBJC_LITERAL_CONVERSION = YES;
				CLANG_WARN_OBJC_ROOT_CLASS = YES_ERROR;
				CLANG_WARN_QUOTED_INCLUDE_IN_FRAMEWORK_HEADER = YES;
				CLANG_WARN_RANGE_LOOP_ANALYSIS = YES;
				CLANG_WARN_STRICT_PROTOTYPES = YES;
				CLANG_WARN_SUSPICIOUS_MOVE = YES;
				CLANG_WARN_UNGUARDED_AVAILABILITY = YES_AGGRESSIVE;
				CLANG_WARN_UNREACHABLE_CODE = YES;
				CLANG_WARN__DUPLICATE_METHOD_MATCH = YES;
				COPY_PHASE_STRIP = NO;
				DEBUG_INFORMATION_FORMAT = "dwarf-with-dsym";
				DEVELOPMENT_TEAM = 7QL37J3U34;
				ENABLE_NS_ASSERTIONS = NO;
				ENABLE_STRICT_OBJC_MSGSEND = YES;
				ENABLE_USER_SCRIPT_SANDBOXING = YES;
				GCC_C_LANGUAGE_STANDARD = gnu17;
				GCC_NO_COMMON_BLOCKS = YES;
				GCC_WARN_64_TO_32_BIT_CONVERSION = YES;
				GCC_WARN_ABOUT_RETURN_TYPE = YES_ERROR;
				GCC_WARN_UNDECLARED_SELECTOR = YES;
				GCC_WARN_UNINITIALIZED_AUTOS = YES_AGGRESSIVE;
				GCC_WARN_UNUSED_FUNCTION = YES;
				GCC_WARN_UNUSED_VARIABLE = YES;
				IPHONEOS_DEPLOYMENT_TARGET = 18.4;
				LOCALIZATION_PREFERS_STRING_CATALOGS = YES;
				MTL_ENABLE_DEBUG_INFO = NO;
				MTL_FAST_MATH = YES;
				SDKROOT = iphoneos;
				SWIFT_COMPILATION_MODE = wholemodule;
				VALIDATE_PRODUCT = YES;
			};
			name = Release;
		};
		0A508F8E2E5439DE0065E73D /* Debug */ = {
			isa = XCBuildConfiguration;
			buildSettings = {
				ASSETCATALOG_COMPILER_APPICON_NAME = AppIcon;
				ASSETCATALOG_COMPILER_GLOBAL_ACCENT_COLOR_NAME = AccentColor;
				CODE_SIGN_STYLE = Automatic;
				CURRENT_PROJECT_VERSION = 1;
				DEVELOPMENT_TEAM = 7QL37J3U34;
				ENABLE_PREVIEWS = YES;
				GENERATE_INFOPLIST_FILE = YES;
				INFOPLIST_KEY_CFBundleDisplayName = Swivo;
				INFOPLIST_KEY_LSApplicationCategoryType = "public.app-category.entertainment";
				INFOPLIST_KEY_UIApplicationSceneManifest_Generation = YES;
				INFOPLIST_KEY_UIApplicationSupportsIndirectInputEvents = YES;
				INFOPLIST_KEY_UILaunchScreen_Generation = YES;
				INFOPLIST_KEY_UISupportedInterfaceOrientations_iPad = "UIInterfaceOrientationPortrait UIInterfaceOrientationPortraitUpsideDown UIInterfaceOrientationLandscapeLeft UIInterfaceOrientationLandscapeRight";
				INFOPLIST_KEY_UISupportedInterfaceOrientations_iPhone = "UIInterfaceOrientationPortrait UIInterfaceOrientationLandscapeLeft UIInterfaceOrientationLandscapeRight";
				IPHONEOS_DEPLOYMENT_TARGET = 17.0;
				LD_RUNPATH_SEARCH_PATHS = (
					"$(inherited)",
					"@executable_path/Frameworks",
				);
				MARKETING_VERSION = 1.0.0;
				PRODUCT_BUNDLE_IDENTIFIER = com.bobafett26.Swivo;
				PRODUCT_NAME = "$(TARGET_NAME)";
				SUPPORTED_PLATFORMS = "iphoneos iphonesimulator";
				SUPPORTS_MACCATALYST = NO;
				SUPPORTS_MAC_DESIGNED_FOR_IPHONE_IPAD = NO;
				SUPPORTS_XR_DESIGNED_FOR_IPHONE_IPAD = NO;
				SWIFT_EMIT_LOC_STRINGS = YES;
				SWIFT_VERSION = 5.0;
				TARGETED_DEVICE_FAMILY = 1;
			};
			name = Debug;
		};
		0A508F8F2E5439DE0065E73D /* Release */ = {
			isa = XCBuildConfiguration;
			buildSettings = {
				ASSETCATALOG_COMPILER_APPICON_NAME = AppIcon;
				ASSETCATALOG_COMPILER_GLOBAL_ACCENT_COLOR_NAME = AccentColor;
				CODE_SIGN_STYLE = Automatic;
				CURRENT_PROJECT_VERSION = 1;
				DEVELOPMENT_TEAM = 7QL37J3U34;
				ENABLE_PREVIEWS = YES;
				GENERATE_INFOPLIST_FILE = YES;
				INFOPLIST_KEY_CFBundleDisplayName = Swivo;
				INFOPLIST_KEY_LSApplicationCategoryType = "public.app-category.entertainment";
				INFOPLIST_KEY_UIApplicationSceneManifest_Generation = YES;
				INFOPLIST_KEY_UIApplicationSupportsIndirectInputEvents = YES;
				INFOPLIST_KEY_UILaunchScreen_Generation = YES;
				INFOPLIST_KEY_UISupportedInterfaceOrientations_iPad = "UIInterfaceOrientationPortrait UIInterfaceOrientationPortraitUpsideDown UIInterfaceOrientationLandscapeLeft UIInterfaceOrientationLandscapeRight";
				INFOPLIST_KEY_UISupportedInterfaceOrientations_iPhone = "UIInterfaceOrientationPortrait UIInterfaceOrientationLandscapeLeft UIInterfaceOrientationLandscapeRight";
				IPHONEOS_DEPLOYMENT_TARGET = 17.0;
				LD_RUNPATH_SEARCH_PATHS = (
					"$(inherited)",
					"@executable_path/Frameworks",
				);
				MARKETING_VERSION = 1.0.0;
				PRODUCT_BUNDLE_IDENTIFIER = com.bobafett26.Swivo;
				PRODUCT_NAME = "$(TARGET_NAME)";
				SUPPORTED_PLATFORMS = "iphoneos iphonesimulator";
				SUPPORTS_MACCATALYST = NO;
				SUPPORTS_MAC_DESIGNED_FOR_IPHONE_IPAD = NO;
				SUPPORTS_XR_DESIGNED_FOR_IPHONE_IPAD = NO;
				SWIFT_EMIT_LOC_STRINGS = YES;
				SWIFT_VERSION = 5.0;
				TARGETED_DEVICE_FAMILY = 1;
			};
			name = Release;
		};
		0A508F912E5439DE0065E73D /* Debug */ = {
			isa = XCBuildConfiguration;
			buildSettings = {
				BUNDLE_LOADER = "$(TEST_HOST)";
				CODE_SIGN_STYLE = Automatic;
				CURRENT_PROJECT_VERSION = 1;
				DEVELOPMENT_TEAM = 7QL37J3U34;
				GENERATE_INFOPLIST_FILE = YES;
				IPHONEOS_DEPLOYMENT_TARGET = 18.4;
				MARKETING_VERSION = 1.0;
				PRODUCT_BUNDLE_IDENTIFIER = com.bobafett26.SwivoTests;
				PRODUCT_NAME = "$(TARGET_NAME)";
				SWIFT_EMIT_LOC_STRINGS = NO;
				SWIFT_VERSION = 5.0;
				TARGETED_DEVICE_FAMILY = "1,2";
				TEST_HOST = "$(BUILT_PRODUCTS_DIR)/Swivo.app/$(BUNDLE_EXECUTABLE_FOLDER_PATH)/Swivo";
			};
			name = Debug;
		};
		0A508F922E5439DE0065E73D /* Release */ = {
			isa = XCBuildConfiguration;
			buildSettings = {
				BUNDLE_LOADER = "$(TEST_HOST)";
				CODE_SIGN_STYLE = Automatic;
				CURRENT_PROJECT_VERSION = 1;
				DEVELOPMENT_TEAM = 7QL37J3U34;
				GENERATE_INFOPLIST_FILE = YES;
				IPHONEOS_DEPLOYMENT_TARGET = 18.4;
				MARKETING_VERSION = 1.0;
				PRODUCT_BUNDLE_IDENTIFIER = com.bobafett26.SwivoTests;
				PRODUCT_NAME = "$(TARGET_NAME)";
				SWIFT_EMIT_LOC_STRINGS = NO;
				SWIFT_VERSION = 5.0;
				TARGETED_DEVICE_FAMILY = "1,2";
				TEST_HOST = "$(BUILT_PRODUCTS_DIR)/Swivo.app/$(BUNDLE_EXECUTABLE_FOLDER_PATH)/Swivo";
			};
			name = Release;
		};
		0A508F942E5439DE0065E73D /* Debug */ = {
			isa = XCBuildConfiguration;
			buildSettings = {
				CODE_SIGN_STYLE = Automatic;
				CURRENT_PROJECT_VERSION = 1;
				DEVELOPMENT_TEAM = 7QL37J3U34;
				GENERATE_INFOPLIST_FILE = YES;
				MARKETING_VERSION = 1.0;
				PRODUCT_BUNDLE_IDENTIFIER = com.bobafett26.SwivoUITests;
				PRODUCT_NAME = "$(TARGET_NAME)";
				SWIFT_EMIT_LOC_STRINGS = NO;
				SWIFT_VERSION = 5.0;
				TARGETED_DEVICE_FAMILY = "1,2";
				TEST_TARGET_NAME = Swivo;
			};
			name = Debug;
		};
		0A508F952E5439DE0065E73D /* Release */ = {
			isa = XCBuildConfiguration;
			buildSettings = {
				CODE_SIGN_STYLE = Automatic;
				CURRENT_PROJECT_VERSION = 1;
				DEVELOPMENT_TEAM = 7QL37J3U34;
				GENERATE_INFOPLIST_FILE = YES;
				MARKETING_VERSION = 1.0;
				PRODUCT_BUNDLE_IDENTIFIER = com.bobafett26.SwivoUITests;
				PRODUCT_NAME = "$(TARGET_NAME)";
				SWIFT_EMIT_LOC_STRINGS = NO;
				SWIFT_VERSION = 5.0;
				TARGETED_DEVICE_FAMILY = "1,2";
				TEST_TARGET_NAME = Swivo;
			};
			name = Release;
		};
/* End XCBuildConfiguration section */

/* Begin XCConfigurationList section */
		0A508F672E5439DC0065E73D /* Build configuration list for PBXProject "Swivo" */ = {
			isa = XCConfigurationList;
			buildConfigurations = (
				0A508F8B2E5439DE0065E73D /* Debug */,
				0A508F8C2E5439DE0065E73D /* Release */,
			);
			defaultConfigurationIsVisible = 0;
			defaultConfigurationName = Release;
		};
		0A508F8D2E5439DE0065E73D /* Build configuration list for PBXNativeTarget "Swivo" */ = {
			isa = XCConfigurationList;
			buildConfigurations = (
				0A508F8E2E5439DE0065E73D /* Debug */,
				0A508F8F2E5439DE0065E73D /* Release */,
			);
			defaultConfigurationIsVisible = 0;
			defaultConfigurationName = Release;
		};
		0A508F902E5439DE0065E73D /* Build configuration list for PBXNativeTarget "SwivoTests" */ = {
			isa = XCConfigurationList;
			buildConfigurations = (
				0A508F912E5439DE0065E73D /* Debug */,
				0A508F922E5439DE0065E73D /* Release */,
			);
			defaultConfigurationIsVisible = 0;
			defaultConfigurationName = Release;
		};
		0A508F932E5439DE0065E73D /* Build configuration list for PBXNativeTarget "SwivoUITests" */ = {
			isa = XCConfigurationList;
			buildConfigurations = (
				0A508F942E5439DE0065E73D /* Debug */,
				0A508F952E5439DE0065E73D /* Release */,
			);
			defaultConfigurationIsVisible = 0;
			defaultConfigurationName = Release;
		};
/* End XCConfigurationList section */

/* Begin XCRemoteSwiftPackageReference section */
		0A508FB22E5A22D70065E73D /* XCRemoteSwiftPackageReference "supabase-swift" */ = {
			isa = XCRemoteSwiftPackageReference;
			repositoryURL = "https://github.com/supabase/supabase-swift.git";
			requirement = {
				kind = upToNextMajorVersion;
				minimumVersion = 2.5.1;
			};
		};
/* End XCRemoteSwiftPackageReference section */

/* Begin XCSwiftPackageProductDependency section */
		0A508FB32E5A22D70065E73D /* Auth */ = {
			isa = XCSwiftPackageProductDependency;
			package = 0A508FB22E5A22D70065E73D /* XCRemoteSwiftPackageReference "supabase-swift" */;
			productName = Auth;
		};
		0A508FB52E5A22D70065E73D /* Functions */ = {
			isa = XCSwiftPackageProductDependency;
			package = 0A508FB22E5A22D70065E73D /* XCRemoteSwiftPackageReference "supabase-swift" */;
			productName = Functions;
		};
		0A508FB72E5A22D70065E73D /* PostgREST */ = {
			isa = XCSwiftPackageProductDependency;
			package = 0A508FB22E5A22D70065E73D /* XCRemoteSwiftPackageReference "supabase-swift" */;
			productName = PostgREST;
		};
		0A508FB92E5A22D70065E73D /* Realtime */ = {
			isa = XCSwiftPackageProductDependency;
			package = 0A508FB22E5A22D70065E73D /* XCRemoteSwiftPackageReference "supabase-swift" */;
			productName = Realtime;
		};
		0A508FBB2E5A22D70065E73D /* Storage */ = {
			isa = XCSwiftPackageProductDependency;
			package = 0A508FB22E5A22D70065E73D /* XCRemoteSwiftPackageReference "supabase-swift" */;
			productName = Storage;
		};
		0A508FD12E5A3CA00065E73D /* Supabase */ = {
			isa = XCSwiftPackageProductDependency;
			package = 0A508FB22E5A22D70065E73D /* XCRemoteSwiftPackageReference "supabase-swift" */;
			productName = Supabase;
		};
/* End XCSwiftPackageProductDependency section */
	};
	rootObject = 0A508F642E5439DC0065E73D /* Project object */;
}
